
Microsoft Visual Studio Solution File, Format Version 12.00
# Visual Studio Version 16
VisualStudioVersion = 16.0.31105.61
MinimumVisualStudioVersion = 10.0.40219.1
Project("{9A19103F-16F7-4668-BE54-9A1E7A4F7556}") = "DelegateDemo", "DelegateDemo\DelegateDemo.csproj", "{44C878E3-9D60-48C0-9D6D-06B345791E9E}"
EndProject
Project("{FAE04EC0-301F-11D3-BF4B-00C04F79EFBC}") = "Realtimedelegate", "Realtimedelegate\Realtimedelegate.csproj", "{26D15192-6CFE-4F11-AE8E-C4FCE48E0C9A}"
EndProject
Project("{FAE04EC0-301F-11D3-BF4B-00C04F79EFBC}") = "Clockdemo", "Clockdemo\Clockdemo.csproj", "{0E09F269-35A4-4072-915C-9DF6757DA0D4}"
EndProject
Global
	GlobalSection(SolutionConfigurationPlatforms) = preSolution
		Debug|Any CPU = Debug|Any CPU
		Release|Any CPU = Release|Any CPU
	EndGlobalSection
	GlobalSection(ProjectConfigurationPlatforms) = postSolution
		{44C878E3-9D60-48C0-9D6D-06B345791E9E}.Debug|Any CPU.ActiveCfg = Debug|Any CPU
		{44C878E3-9D60-48C0-9D6D-06B345791E9E}.Debug|Any CPU.Build.0 = Debug|Any CPU
		{44C878E3-9D60-48C0-9D6D-06B345791E9E}.Release|Any CPU.ActiveCfg = Release|Any CPU
		{44C878E3-9D60-48C0-9D6D-06B345791E9E}.Release|Any CPU.Build.0 = Release|Any CPU
		{26D15192-6CFE-4F11-AE8E-C4FCE48E0C9A}.Debug|Any CPU.ActiveCfg = Debug|Any CPU
		{26D15192-6CFE-4F11-AE8E-C4FCE48E0C9A}.Debug|Any CPU.Build.0 = Debug|Any CPU
		{26D15192-6CFE-4F11-AE8E-C4FCE48E0C9A}.Release|Any CPU.ActiveCfg = Release|Any CPU
		{26D15192-6CFE-4F11-AE8E-C4FCE48E0C9A}.Release|Any CPU.Build.0 = Release|Any CPU
		{0E09F269-35A4-4072-915C-9DF6757DA0D4}.Debug|Any CPU.ActiveCfg = Debug|Any CPU
		{0E09F269-35A4-4072-915C-9DF6757DA0D4}.Debug|Any CPU.Build.0 = Debug|Any CPU
		{0E09F269-35A4-4072-915C-9DF6757DA0D4}.Release|Any CPU.ActiveCfg = Release|Any CPU
		{0E09F269-35A4-4072-915C-9DF6757DA0D4}.Release|Any CPU.Build.0 = Release|Any CPU
	EndGlobalSection
	GlobalSection(SolutionProperties) = preSolution
		HideSolutionNode = FALSE
	EndGlobalSection
	GlobalSection(ExtensibilityGlobals) = postSolution
		SolutionGuid = {9F1D6BB9-ED97-4ABF-9641-E2F859AA2225}
	EndGlobalSection
EndGlobal
